{
  "nodes": {
    "nix-litex": {
      "flake": false,
      "locked": {
        "lastModified": 1680613941,
        "narHash": "sha256-44xYapHRk8DQZe3dz3fe29tnjkWkLk7nwkzevL7o38c=",
        "ref": "main",
        "rev": "45d2fc928ba70dc1bb95aa77387497fae8512c78",
        "revCount": 66,
        "type": "git",
        "url": "https://git.sr.ht/~lschuermann/nix-litex"
      },
      "original": {
        "ref": "main",
        "type": "git",
        "url": "https://git.sr.ht/~lschuermann/nix-litex"
      }
    },
    "nixpkgs": {
      "locked": {
        "lastModified": 1687502512,
        "narHash": "sha256-dBL/01TayOSZYxtY4cMXuNCBk8UMLoqRZA+94xiFpJA=",
        "owner": "NixOS",
        "repo": "nixpkgs",
        "rev": "3ae20aa58a6c0d1ca95c9b11f59a2d12eebc511f",
        "type": "github"
      },
      "original": {
        "owner": "NixOS",
        "ref": "nixos-unstable",
        "repo": "nixpkgs",
        "type": "github"
      }
    },
    "root": {
      "inputs": {
        "nix-litex": "nix-litex",
        "nixpkgs": "nixpkgs"
      }
    }
  },
  "root": "root",
  "version": 7
}
