{
  "nodes": {
    "nix-litex": {
      "flake": false,
      "locked": {
        "lastModified": 1660324590,
        "narHash": "sha256-/GvZvNYgkqsFgu1ri0esSJsO+XGLwFiWOGT0fjCfVTw=",
        "ref": "main",
        "rev": "b9498679d45b9c6a7583218422c7d8d4746d0a78",
        "revCount": 58,
        "type": "git",
        "url": "https://git.sr.ht/~lschuermann/nix-litex"
      },
      "original": {
        "ref": "main",
        "type": "git",
        "url": "https://git.sr.ht/~lschuermann/nix-litex"
      }
    },
    "nixpkgs": {
      "locked": {
        "lastModified": 1662911228,
        "narHash": "sha256-oJOrB2lEeBLaO8g1DKG5PK9a1zyOWypkscrEfxxEj8A=",
        "owner": "NixOS",
        "repo": "nixpkgs",
        "rev": "c97e777ff06fcb8d37dcdf5e21e9eff1f34f0e90",
        "type": "github"
      },
      "original": {
        "owner": "NixOS",
        "ref": "nixos-unstable",
        "repo": "nixpkgs",
        "type": "github"
      }
    },
    "root": {
      "inputs": {
        "nix-litex": "nix-litex",
        "nixpkgs": "nixpkgs"
      }
    }
  },
  "root": "root",
  "version": 7
}
